
Microsoft Visual Studio Solution File, Format Version 12.00
# Visual Studio Version 17
VisualStudioVersion = 17.0.31521.260
MinimumVisualStudioVersion = 10.0.40219.1
Project("{9A19103F-16F7-4668-BE54-9A1E7A4F7556}") = "MetricsManager", "MetricsManager\MetricsManager.csproj", "{79A665EF-6B1E-4F30-9C63-15A3A8DD5D0E}"
EndProject
Project("{9A19103F-16F7-4668-BE54-9A1E7A4F7556}") = "MetricsAgent", "MetricsAgent\MetricsAgent.csproj", "{43F5D5FF-F717-4CDC-B6B5-39EF071DE1FD}"
EndProject
Project("{9A19103F-16F7-4668-BE54-9A1E7A4F7556}") = "MetricsManagerTests", "MetricsManagerTests\MetricsManagerTests.csproj", "{1B0F3337-DDD1-4641-8A22-C0658DC3B94F}"
EndProject
Project("{9A19103F-16F7-4668-BE54-9A1E7A4F7556}") = "MetricsAgentTests", "MetricsAgentTests\MetricsAgentTests.csproj", "{090FF244-127E-4F89-82D0-91F504277763}"
EndProject
Global
	GlobalSection(SolutionConfigurationPlatforms) = preSolution
		Debug|Any CPU = Debug|Any CPU
		Release|Any CPU = Release|Any CPU
	EndGlobalSection
	GlobalSection(ProjectConfigurationPlatforms) = postSolution
		{79A665EF-6B1E-4F30-9C63-15A3A8DD5D0E}.Debug|Any CPU.ActiveCfg = Debug|Any CPU
		{79A665EF-6B1E-4F30-9C63-15A3A8DD5D0E}.Debug|Any CPU.Build.0 = Debug|Any CPU
		{79A665EF-6B1E-4F30-9C63-15A3A8DD5D0E}.Release|Any CPU.ActiveCfg = Release|Any CPU
		{79A665EF-6B1E-4F30-9C63-15A3A8DD5D0E}.Release|Any CPU.Build.0 = Release|Any CPU
		{43F5D5FF-F717-4CDC-B6B5-39EF071DE1FD}.Debug|Any CPU.ActiveCfg = Debug|Any CPU
		{43F5D5FF-F717-4CDC-B6B5-39EF071DE1FD}.Debug|Any CPU.Build.0 = Debug|Any CPU
		{43F5D5FF-F717-4CDC-B6B5-39EF071DE1FD}.Release|Any CPU.ActiveCfg = Release|Any CPU
		{43F5D5FF-F717-4CDC-B6B5-39EF071DE1FD}.Release|Any CPU.Build.0 = Release|Any CPU
		{1B0F3337-DDD1-4641-8A22-C0658DC3B94F}.Debug|Any CPU.ActiveCfg = Debug|Any CPU
		{1B0F3337-DDD1-4641-8A22-C0658DC3B94F}.Debug|Any CPU.Build.0 = Debug|Any CPU
		{1B0F3337-DDD1-4641-8A22-C0658DC3B94F}.Release|Any CPU.ActiveCfg = Release|Any CPU
		{1B0F3337-DDD1-4641-8A22-C0658DC3B94F}.Release|Any CPU.Build.0 = Release|Any CPU
		{090FF244-127E-4F89-82D0-91F504277763}.Debug|Any CPU.ActiveCfg = Debug|Any CPU
		{090FF244-127E-4F89-82D0-91F504277763}.Debug|Any CPU.Build.0 = Debug|Any CPU
		{090FF244-127E-4F89-82D0-91F504277763}.Release|Any CPU.ActiveCfg = Release|Any CPU
		{090FF244-127E-4F89-82D0-91F504277763}.Release|Any CPU.Build.0 = Release|Any CPU
	EndGlobalSection
	GlobalSection(SolutionProperties) = preSolution
		HideSolutionNode = FALSE
	EndGlobalSection
	GlobalSection(ExtensibilityGlobals) = postSolution
		SolutionGuid = {E9A28DD8-BD6E-46DC-9782-89CB719F8724}
	EndGlobalSection
EndGlobal
